
Microsoft Visual Studio Solution File, Format Version 12.00
# Visual Studio 15
VisualStudioVersion = 15.0.27130.0
MinimumVisualStudioVersion = 10.0.40219.1
Project("{FAE04EC0-301F-11D3-BF4B-00C04F79EFBC}") = "WeatherApp.Android", "WeatherApp\WeatherApp.Android\WeatherApp.Android.csproj", "{C5C149F0-EEC9-46F9-95DA-46EA4F57C067}"
EndProject
Project("{FAE04EC0-301F-11D3-BF4B-00C04F79EFBC}") = "WeatherApp.iOS", "WeatherApp\WeatherApp.iOS\WeatherApp.iOS.csproj", "{3EC7A4AE-C3ED-4F7A-9569-EEBD46EC2248}"
EndProject
Project("{FAE04EC0-301F-11D3-BF4B-00C04F79EFBC}") = "WeatherApp", "WeatherApp\WeatherApp\WeatherApp.csproj", "{D08DE66F-2B8A-470D-9859-9FE437032C0D}"
EndProject
Global
	GlobalSection(SolutionConfigurationPlatforms) = preSolution
		Debug|Any CPU = Debug|Any CPU
		Debug|ARM = Debug|ARM
		Debug|iPhone = Debug|iPhone
		Debug|iPhoneSimulator = Debug|iPhoneSimulator
		Debug|x64 = Debug|x64
		Debug|x86 = Debug|x86
		Release|Any CPU = Release|Any CPU
		Release|ARM = Release|ARM
		Release|iPhone = Release|iPhone
		Release|iPhoneSimulator = Release|iPhoneSimulator
		Release|x64 = Release|x64
		Release|x86 = Release|x86
	EndGlobalSection
	GlobalSection(ProjectConfigurationPlatforms) = postSolution
		{C5C149F0-EEC9-46F9-95DA-46EA4F57C067}.Debug|Any CPU.ActiveCfg = Debug|Any CPU
		{C5C149F0-EEC9-46F9-95DA-46EA4F57C067}.Debug|Any CPU.Build.0 = Debug|Any CPU
		{C5C149F0-EEC9-46F9-95DA-46EA4F57C067}.Debug|Any CPU.Deploy.0 = Debug|Any CPU
		{C5C149F0-EEC9-46F9-95DA-46EA4F57C067}.Debug|ARM.ActiveCfg = Debug|Any CPU
		{C5C149F0-EEC9-46F9-95DA-46EA4F57C067}.Debug|ARM.Build.0 = Debug|Any CPU
		{C5C149F0-EEC9-46F9-95DA-46EA4F57C067}.Debug|ARM.Deploy.0 = Debug|Any CPU
		{C5C149F0-EEC9-46F9-95DA-46EA4F57C067}.Debug|iPhone.ActiveCfg = Debug|Any CPU
		{C5C149F0-EEC9-46F9-95DA-46EA4F57C067}.Debug|iPhone.Build.0 = Debug|Any CPU
		{C5C149F0-EEC9-46F9-95DA-46EA4F57C067}.Debug|iPhone.Deploy.0 = Debug|Any CPU
		{C5C149F0-EEC9-46F9-95DA-46EA4F57C067}.Debug|iPhoneSimulator.ActiveCfg = Debug|Any CPU
		{C5C149F0-EEC9-46F9-95DA-46EA4F57C067}.Debug|iPhoneSimulator.Build.0 = Debug|Any CPU
		{C5C149F0-EEC9-46F9-95DA-46EA4F57C067}.Debug|iPhoneSimulator.Deploy.0 = Debug|Any CPU
		{C5C149F0-EEC9-46F9-95DA-46EA4F57C067}.Debug|x64.ActiveCfg = Debug|Any CPU
		{C5C149F0-EEC9-46F9-95DA-46EA4F57C067}.Debug|x64.Build.0 = Debug|Any CPU
		{C5C149F0-EEC9-46F9-95DA-46EA4F57C067}.Debug|x64.Deploy.0 = Debug|Any CPU
		{C5C149F0-EEC9-46F9-95DA-46EA4F57C067}.Debug|x86.ActiveCfg = Debug|Any CPU
		{C5C149F0-EEC9-46F9-95DA-46EA4F57C067}.Debug|x86.Build.0 = Debug|Any CPU
		{C5C149F0-EEC9-46F9-95DA-46EA4F57C067}.Debug|x86.Deploy.0 = Debug|Any CPU
		{C5C149F0-EEC9-46F9-95DA-46EA4F57C067}.Release|Any CPU.ActiveCfg = Release|Any CPU
		{C5C149F0-EEC9-46F9-95DA-46EA4F57C067}.Release|Any CPU.Build.0 = Release|Any CPU
		{C5C149F0-EEC9-46F9-95DA-46EA4F57C067}.Release|Any CPU.Deploy.0 = Release|Any CPU
		{C5C149F0-EEC9-46F9-95DA-46EA4F57C067}.Release|ARM.ActiveCfg = Release|Any CPU
		{C5C149F0-EEC9-46F9-95DA-46EA4F57C067}.Release|ARM.Build.0 = Release|Any CPU
		{C5C149F0-EEC9-46F9-95DA-46EA4F57C067}.Release|ARM.Deploy.0 = Release|Any CPU
		{C5C149F0-EEC9-46F9-95DA-46EA4F57C067}.Release|iPhone.ActiveCfg = Release|Any CPU
		{C5C149F0-EEC9-46F9-95DA-46EA4F57C067}.Release|iPhone.Build.0 = Release|Any CPU
		{C5C149F0-EEC9-46F9-95DA-46EA4F57C067}.Release|iPhone.Deploy.0 = Release|Any CPU
		{C5C149F0-EEC9-46F9-95DA-46EA4F57C067}.Release|iPhoneSimulator.ActiveCfg = Release|Any CPU
		{C5C149F0-EEC9-46F9-95DA-46EA4F57C067}.Release|iPhoneSimulator.Build.0 = Release|Any CPU
		{C5C149F0-EEC9-46F9-95DA-46EA4F57C067}.Release|iPhoneSimulator.Deploy.0 = Release|Any CPU
		{C5C149F0-EEC9-46F9-95DA-46EA4F57C067}.Release|x64.ActiveCfg = Release|Any CPU
		{C5C149F0-EEC9-46F9-95DA-46EA4F57C067}.Release|x64.Build.0 = Release|Any CPU
		{C5C149F0-EEC9-46F9-95DA-46EA4F57C067}.Release|x64.Deploy.0 = Release|Any CPU
		{C5C149F0-EEC9-46F9-95DA-46EA4F57C067}.Release|x86.ActiveCfg = Release|Any CPU
		{C5C149F0-EEC9-46F9-95DA-46EA4F57C067}.Release|x86.Build.0 = Release|Any CPU
		{C5C149F0-EEC9-46F9-95DA-46EA4F57C067}.Release|x86.Deploy.0 = Release|Any CPU
		{3EC7A4AE-C3ED-4F7A-9569-EEBD46EC2248}.Debug|Any CPU.ActiveCfg = Debug|iPhone
		{3EC7A4AE-C3ED-4F7A-9569-EEBD46EC2248}.Debug|ARM.ActiveCfg = Debug|iPhone
		{3EC7A4AE-C3ED-4F7A-9569-EEBD46EC2248}.Debug|iPhone.ActiveCfg = Debug|iPhone
		{3EC7A4AE-C3ED-4F7A-9569-EEBD46EC2248}.Debug|iPhone.Build.0 = Debug|iPhone
		{3EC7A4AE-C3ED-4F7A-9569-EEBD46EC2248}.Debug|iPhoneSimulator.ActiveCfg = Debug|iPhoneSimulator
		{3EC7A4AE-C3ED-4F7A-9569-EEBD46EC2248}.Debug|iPhoneSimulator.Build.0 = Debug|iPhoneSimulator
		{3EC7A4AE-C3ED-4F7A-9569-EEBD46EC2248}.Debug|x64.ActiveCfg = Debug|iPhone
		{3EC7A4AE-C3ED-4F7A-9569-EEBD46EC2248}.Debug|x86.ActiveCfg = Debug|iPhone
		{3EC7A4AE-C3ED-4F7A-9569-EEBD46EC2248}.Release|Any CPU.ActiveCfg = Release|iPhone
		{3EC7A4AE-C3ED-4F7A-9569-EEBD46EC2248}.Release|ARM.ActiveCfg = Release|iPhone
		{3EC7A4AE-C3ED-4F7A-9569-EEBD46EC2248}.Release|iPhone.ActiveCfg = Release|iPhone
		{3EC7A4AE-C3ED-4F7A-9569-EEBD46EC2248}.Release|iPhone.Build.0 = Release|iPhone
		{3EC7A4AE-C3ED-4F7A-9569-EEBD46EC2248}.Release|iPhoneSimulator.ActiveCfg = Release|iPhoneSimulator
		{3EC7A4AE-C3ED-4F7A-9569-EEBD46EC2248}.Release|iPhoneSimulator.Build.0 = Release|iPhoneSimulator
		{3EC7A4AE-C3ED-4F7A-9569-EEBD46EC2248}.Release|x64.ActiveCfg = Release|iPhone
		{3EC7A4AE-C3ED-4F7A-9569-EEBD46EC2248}.Release|x86.ActiveCfg = Release|iPhone
		{D08DE66F-2B8A-470D-9859-9FE437032C0D}.Debug|Any CPU.ActiveCfg = Debug|Any CPU
		{D08DE66F-2B8A-470D-9859-9FE437032C0D}.Debug|Any CPU.Build.0 = Debug|Any CPU
		{D08DE66F-2B8A-470D-9859-9FE437032C0D}.Debug|ARM.ActiveCfg = Debug|Any CPU
		{D08DE66F-2B8A-470D-9859-9FE437032C0D}.Debug|ARM.Build.0 = Debug|Any CPU
		{D08DE66F-2B8A-470D-9859-9FE437032C0D}.Debug|iPhone.ActiveCfg = Debug|Any CPU
		{D08DE66F-2B8A-470D-9859-9FE437032C0D}.Debug|iPhone.Build.0 = Debug|Any CPU
		{D08DE66F-2B8A-470D-9859-9FE437032C0D}.Debug|iPhoneSimulator.ActiveCfg = Debug|Any CPU
		{D08DE66F-2B8A-470D-9859-9FE437032C0D}.Debug|iPhoneSimulator.Build.0 = Debug|Any CPU
		{D08DE66F-2B8A-470D-9859-9FE437032C0D}.Debug|x64.ActiveCfg = Debug|Any CPU
		{D08DE66F-2B8A-470D-9859-9FE437032C0D}.Debug|x64.Build.0 = Debug|Any CPU
		{D08DE66F-2B8A-470D-9859-9FE437032C0D}.Debug|x86.ActiveCfg = Debug|Any CPU
		{D08DE66F-2B8A-470D-9859-9FE437032C0D}.Debug|x86.Build.0 = Debug|Any CPU
		{D08DE66F-2B8A-470D-9859-9FE437032C0D}.Release|Any CPU.ActiveCfg = Release|Any CPU
		{D08DE66F-2B8A-470D-9859-9FE437032C0D}.Release|Any CPU.Build.0 = Release|Any CPU
		{D08DE66F-2B8A-470D-9859-9FE437032C0D}.Release|ARM.ActiveCfg = Release|Any CPU
		{D08DE66F-2B8A-470D-9859-9FE437032C0D}.Release|ARM.Build.0 = Release|Any CPU
		{D08DE66F-2B8A-470D-9859-9FE437032C0D}.Release|iPhone.ActiveCfg = Release|Any CPU
		{D08DE66F-2B8A-470D-9859-9FE437032C0D}.Release|iPhone.Build.0 = Release|Any CPU
		{D08DE66F-2B8A-470D-9859-9FE437032C0D}.Release|iPhoneSimulator.ActiveCfg = Release|Any CPU
		{D08DE66F-2B8A-470D-9859-9FE437032C0D}.Release|iPhoneSimulator.Build.0 = Release|Any CPU
		{D08DE66F-2B8A-470D-9859-9FE437032C0D}.Release|x64.ActiveCfg = Release|Any CPU
		{D08DE66F-2B8A-470D-9859-9FE437032C0D}.Release|x64.Build.0 = Release|Any CPU
		{D08DE66F-2B8A-470D-9859-9FE437032C0D}.Release|x86.ActiveCfg = Release|Any CPU
		{D08DE66F-2B8A-470D-9859-9FE437032C0D}.Release|x86.Build.0 = Release|Any CPU
	EndGlobalSection
	GlobalSection(SolutionProperties) = preSolution
		HideSolutionNode = FALSE
	EndGlobalSection
	GlobalSection(ExtensibilityGlobals) = postSolution
		SolutionGuid = {5E5F7303-F60C-4D6B-B1B6-AC43C8ECBE20}
	EndGlobalSection
EndGlobal
